
Microsoft Visual Studio Solution File, Format Version 12.00
# Visual Studio Version 16
VisualStudioVersion = 16.0.31402.337
MinimumVisualStudioVersion = 10.0.40219.1
Project("{FAE04EC0-301F-11D3-BF4B-00C04F79EFBC}") = "Ficha3Ex1", "Ficha3Ex1.csproj", "{D5257982-2B9B-446B-A756-FF3E3EE940F0}"
EndProject
Global
	GlobalSection(SolutionConfigurationPlatforms) = preSolution
		Debug|Any CPU = Debug|Any CPU
		Release|Any CPU = Release|Any CPU
	EndGlobalSection
	GlobalSection(ProjectConfigurationPlatforms) = postSolution
		{D5257982-2B9B-446B-A756-FF3E3EE940F0}.Debug|Any CPU.ActiveCfg = Debug|Any CPU
		{D5257982-2B9B-446B-A756-FF3E3EE940F0}.Debug|Any CPU.Build.0 = Debug|Any CPU
		{D5257982-2B9B-446B-A756-FF3E3EE940F0}.Release|Any CPU.ActiveCfg = Release|Any CPU
		{D5257982-2B9B-446B-A756-FF3E3EE940F0}.Release|Any CPU.Build.0 = Release|Any CPU
	EndGlobalSection
	GlobalSection(SolutionProperties) = preSolution
		HideSolutionNode = FALSE
	EndGlobalSection
	GlobalSection(ExtensibilityGlobals) = postSolution
		SolutionGuid = {3EDEB7D2-FA20-462A-9314-B7737C15A835}
	EndGlobalSection
EndGlobal
