
Microsoft Visual Studio Solution File, Format Version 12.00
# Visual Studio Version 16
VisualStudioVersion = 16.0.31129.286
MinimumVisualStudioVersion = 10.0.40219.1
Project("{FAE04EC0-301F-11D3-BF4B-00C04F79EFBC}") = "Ficha5_1Ex1", "Ficha5_1Ex1.csproj", "{921541C4-3FF7-4B87-9F5B-D9BD587D2E89}"
EndProject
Global
	GlobalSection(SolutionConfigurationPlatforms) = preSolution
		Debug|Any CPU = Debug|Any CPU
		Release|Any CPU = Release|Any CPU
	EndGlobalSection
	GlobalSection(ProjectConfigurationPlatforms) = postSolution
		{921541C4-3FF7-4B87-9F5B-D9BD587D2E89}.Debug|Any CPU.ActiveCfg = Debug|Any CPU
		{921541C4-3FF7-4B87-9F5B-D9BD587D2E89}.Debug|Any CPU.Build.0 = Debug|Any CPU
		{921541C4-3FF7-4B87-9F5B-D9BD587D2E89}.Release|Any CPU.ActiveCfg = Release|Any CPU
		{921541C4-3FF7-4B87-9F5B-D9BD587D2E89}.Release|Any CPU.Build.0 = Release|Any CPU
	EndGlobalSection
	GlobalSection(SolutionProperties) = preSolution
		HideSolutionNode = FALSE
	EndGlobalSection
	GlobalSection(ExtensibilityGlobals) = postSolution
		SolutionGuid = {1FD3C307-4E4A-4C65-A6B9-EBDBE1ACDD2E}
	EndGlobalSection
EndGlobal
