
Microsoft Visual Studio Solution File, Format Version 12.00
# Visual Studio Version 16
VisualStudioVersion = 16.0.31402.337
MinimumVisualStudioVersion = 10.0.40219.1
Project("{FAE04EC0-301F-11D3-BF4B-00C04F79EFBC}") = "Ficha2Ex2", "Ficha2Ex2.csproj", "{4D5909E1-5088-432F-BE82-0A01811B592C}"
EndProject
Global
	GlobalSection(SolutionConfigurationPlatforms) = preSolution
		Debug|Any CPU = Debug|Any CPU
		Release|Any CPU = Release|Any CPU
	EndGlobalSection
	GlobalSection(ProjectConfigurationPlatforms) = postSolution
		{4D5909E1-5088-432F-BE82-0A01811B592C}.Debug|Any CPU.ActiveCfg = Debug|Any CPU
		{4D5909E1-5088-432F-BE82-0A01811B592C}.Debug|Any CPU.Build.0 = Debug|Any CPU
		{4D5909E1-5088-432F-BE82-0A01811B592C}.Release|Any CPU.ActiveCfg = Release|Any CPU
		{4D5909E1-5088-432F-BE82-0A01811B592C}.Release|Any CPU.Build.0 = Release|Any CPU
	EndGlobalSection
	GlobalSection(SolutionProperties) = preSolution
		HideSolutionNode = FALSE
	EndGlobalSection
	GlobalSection(ExtensibilityGlobals) = postSolution
		SolutionGuid = {DEA7D8E2-5CD6-40F1-873E-0DC9D5F098F8}
	EndGlobalSection
EndGlobal
