
Microsoft Visual Studio Solution File, Format Version 12.00
# Visual Studio Version 16
VisualStudioVersion = 16.0.31402.337
MinimumVisualStudioVersion = 10.0.40219.1
Project("{FAE04EC0-301F-11D3-BF4B-00C04F79EFBC}") = "Ficha8Ex4", "Ficha8Ex4.csproj", "{8D21B6FD-2EFA-477D-8D2E-3A4B73E0028F}"
EndProject
Global
	GlobalSection(SolutionConfigurationPlatforms) = preSolution
		Debug|Any CPU = Debug|Any CPU
		Release|Any CPU = Release|Any CPU
	EndGlobalSection
	GlobalSection(ProjectConfigurationPlatforms) = postSolution
		{8D21B6FD-2EFA-477D-8D2E-3A4B73E0028F}.Debug|Any CPU.ActiveCfg = Debug|Any CPU
		{8D21B6FD-2EFA-477D-8D2E-3A4B73E0028F}.Debug|Any CPU.Build.0 = Debug|Any CPU
		{8D21B6FD-2EFA-477D-8D2E-3A4B73E0028F}.Release|Any CPU.ActiveCfg = Release|Any CPU
		{8D21B6FD-2EFA-477D-8D2E-3A4B73E0028F}.Release|Any CPU.Build.0 = Release|Any CPU
	EndGlobalSection
	GlobalSection(SolutionProperties) = preSolution
		HideSolutionNode = FALSE
	EndGlobalSection
	GlobalSection(ExtensibilityGlobals) = postSolution
		SolutionGuid = {7D271448-5AB3-48AA-AC8C-FC00FCAA924E}
	EndGlobalSection
EndGlobal
