
Microsoft Visual Studio Solution File, Format Version 12.00
# Visual Studio Version 16
VisualStudioVersion = 16.0.31402.337
MinimumVisualStudioVersion = 10.0.40219.1
Project("{FAE04EC0-301F-11D3-BF4B-00C04F79EFBC}") = "Ficha3Ex3", "Ficha3Ex3.csproj", "{9F1BCD4B-F645-46CB-8100-2E91CBAB81FC}"
EndProject
Global
	GlobalSection(SolutionConfigurationPlatforms) = preSolution
		Debug|Any CPU = Debug|Any CPU
		Release|Any CPU = Release|Any CPU
	EndGlobalSection
	GlobalSection(ProjectConfigurationPlatforms) = postSolution
		{9F1BCD4B-F645-46CB-8100-2E91CBAB81FC}.Debug|Any CPU.ActiveCfg = Debug|Any CPU
		{9F1BCD4B-F645-46CB-8100-2E91CBAB81FC}.Debug|Any CPU.Build.0 = Debug|Any CPU
		{9F1BCD4B-F645-46CB-8100-2E91CBAB81FC}.Release|Any CPU.ActiveCfg = Release|Any CPU
		{9F1BCD4B-F645-46CB-8100-2E91CBAB81FC}.Release|Any CPU.Build.0 = Release|Any CPU
	EndGlobalSection
	GlobalSection(SolutionProperties) = preSolution
		HideSolutionNode = FALSE
	EndGlobalSection
	GlobalSection(ExtensibilityGlobals) = postSolution
		SolutionGuid = {5F692880-4924-4AA3-8750-9271FF2F188A}
	EndGlobalSection
EndGlobal
