
Microsoft Visual Studio Solution File, Format Version 12.00
# Visual Studio Version 16
VisualStudioVersion = 16.0.31129.286
MinimumVisualStudioVersion = 10.0.40219.1
Project("{FAE04EC0-301F-11D3-BF4B-00C04F79EFBC}") = "Ficha2Ex7", "Ficha2Ex7.csproj", "{697529D9-354B-4036-8FB0-6BA1A56C9111}"
EndProject
Global
	GlobalSection(SolutionConfigurationPlatforms) = preSolution
		Debug|Any CPU = Debug|Any CPU
		Release|Any CPU = Release|Any CPU
	EndGlobalSection
	GlobalSection(ProjectConfigurationPlatforms) = postSolution
		{697529D9-354B-4036-8FB0-6BA1A56C9111}.Debug|Any CPU.ActiveCfg = Debug|Any CPU
		{697529D9-354B-4036-8FB0-6BA1A56C9111}.Debug|Any CPU.Build.0 = Debug|Any CPU
		{697529D9-354B-4036-8FB0-6BA1A56C9111}.Release|Any CPU.ActiveCfg = Release|Any CPU
		{697529D9-354B-4036-8FB0-6BA1A56C9111}.Release|Any CPU.Build.0 = Release|Any CPU
	EndGlobalSection
	GlobalSection(SolutionProperties) = preSolution
		HideSolutionNode = FALSE
	EndGlobalSection
	GlobalSection(ExtensibilityGlobals) = postSolution
		SolutionGuid = {454AAE84-7C8A-418D-BEF1-E3BEA9BEE6A1}
	EndGlobalSection
EndGlobal
