
Microsoft Visual Studio Solution File, Format Version 12.00
# Visual Studio Version 16
VisualStudioVersion = 16.0.31402.337
MinimumVisualStudioVersion = 10.0.40219.1
Project("{FAE04EC0-301F-11D3-BF4B-00C04F79EFBC}") = "Ficha1Ex6", "Ficha1Ex6.csproj", "{4BC840FC-753A-4013-9EF4-06F2EF75A5C5}"
EndProject
Global
	GlobalSection(SolutionConfigurationPlatforms) = preSolution
		Debug|Any CPU = Debug|Any CPU
		Release|Any CPU = Release|Any CPU
	EndGlobalSection
	GlobalSection(ProjectConfigurationPlatforms) = postSolution
		{4BC840FC-753A-4013-9EF4-06F2EF75A5C5}.Debug|Any CPU.ActiveCfg = Debug|Any CPU
		{4BC840FC-753A-4013-9EF4-06F2EF75A5C5}.Debug|Any CPU.Build.0 = Debug|Any CPU
		{4BC840FC-753A-4013-9EF4-06F2EF75A5C5}.Release|Any CPU.ActiveCfg = Release|Any CPU
		{4BC840FC-753A-4013-9EF4-06F2EF75A5C5}.Release|Any CPU.Build.0 = Release|Any CPU
	EndGlobalSection
	GlobalSection(SolutionProperties) = preSolution
		HideSolutionNode = FALSE
	EndGlobalSection
	GlobalSection(ExtensibilityGlobals) = postSolution
		SolutionGuid = {E0B804D4-1897-40CE-803D-C0C85C2F9AC4}
	EndGlobalSection
EndGlobal
