
Microsoft Visual Studio Solution File, Format Version 12.00
# Visual Studio Version 16
VisualStudioVersion = 16.0.31402.337
MinimumVisualStudioVersion = 10.0.40219.1
Project("{FAE04EC0-301F-11D3-BF4B-00C04F79EFBC}") = "Pokemon", "Pokemon.csproj", "{8322B8EB-8A5B-4D4A-A511-9CA2AC7230B7}"
EndProject
Global
	GlobalSection(SolutionConfigurationPlatforms) = preSolution
		Debug|Any CPU = Debug|Any CPU
		Release|Any CPU = Release|Any CPU
	EndGlobalSection
	GlobalSection(ProjectConfigurationPlatforms) = postSolution
		{8322B8EB-8A5B-4D4A-A511-9CA2AC7230B7}.Debug|Any CPU.ActiveCfg = Debug|Any CPU
		{8322B8EB-8A5B-4D4A-A511-9CA2AC7230B7}.Debug|Any CPU.Build.0 = Debug|Any CPU
		{8322B8EB-8A5B-4D4A-A511-9CA2AC7230B7}.Release|Any CPU.ActiveCfg = Release|Any CPU
		{8322B8EB-8A5B-4D4A-A511-9CA2AC7230B7}.Release|Any CPU.Build.0 = Release|Any CPU
	EndGlobalSection
	GlobalSection(SolutionProperties) = preSolution
		HideSolutionNode = FALSE
	EndGlobalSection
	GlobalSection(ExtensibilityGlobals) = postSolution
		SolutionGuid = {3366A161-ECA9-4B50-A16C-C298C3C0D872}
	EndGlobalSection
EndGlobal
