
Microsoft Visual Studio Solution File, Format Version 12.00
# Visual Studio Version 16
VisualStudioVersion = 16.0.31129.286
MinimumVisualStudioVersion = 10.0.40219.1
Project("{FAE04EC0-301F-11D3-BF4B-00C04F79EFBC}") = "Ficha3Ex.4", "Ficha3Ex.4.csproj", "{EF1D8481-C9C1-4D4B-ACCA-8EE57514B2A3}"
EndProject
Global
	GlobalSection(SolutionConfigurationPlatforms) = preSolution
		Debug|Any CPU = Debug|Any CPU
		Release|Any CPU = Release|Any CPU
	EndGlobalSection
	GlobalSection(ProjectConfigurationPlatforms) = postSolution
		{EF1D8481-C9C1-4D4B-ACCA-8EE57514B2A3}.Debug|Any CPU.ActiveCfg = Debug|Any CPU
		{EF1D8481-C9C1-4D4B-ACCA-8EE57514B2A3}.Debug|Any CPU.Build.0 = Debug|Any CPU
		{EF1D8481-C9C1-4D4B-ACCA-8EE57514B2A3}.Release|Any CPU.ActiveCfg = Release|Any CPU
		{EF1D8481-C9C1-4D4B-ACCA-8EE57514B2A3}.Release|Any CPU.Build.0 = Release|Any CPU
	EndGlobalSection
	GlobalSection(SolutionProperties) = preSolution
		HideSolutionNode = FALSE
	EndGlobalSection
	GlobalSection(ExtensibilityGlobals) = postSolution
		SolutionGuid = {AE111CF6-AC49-41D8-8883-4A5F0F03FA4A}
	EndGlobalSection
EndGlobal
