
Microsoft Visual Studio Solution File, Format Version 12.00
# Visual Studio Version 16
VisualStudioVersion = 16.0.31129.286
MinimumVisualStudioVersion = 10.0.40219.1
Project("{FAE04EC0-301F-11D3-BF4B-00C04F79EFBC}") = "EnumSwitch_Menu", "EnumSwitch_Menu.csproj", "{78ECC7D0-326F-4201-97B3-FA1422250089}"
EndProject
Global
	GlobalSection(SolutionConfigurationPlatforms) = preSolution
		Debug|Any CPU = Debug|Any CPU
		Release|Any CPU = Release|Any CPU
	EndGlobalSection
	GlobalSection(ProjectConfigurationPlatforms) = postSolution
		{78ECC7D0-326F-4201-97B3-FA1422250089}.Debug|Any CPU.ActiveCfg = Debug|Any CPU
		{78ECC7D0-326F-4201-97B3-FA1422250089}.Debug|Any CPU.Build.0 = Debug|Any CPU
		{78ECC7D0-326F-4201-97B3-FA1422250089}.Release|Any CPU.ActiveCfg = Release|Any CPU
		{78ECC7D0-326F-4201-97B3-FA1422250089}.Release|Any CPU.Build.0 = Release|Any CPU
	EndGlobalSection
	GlobalSection(SolutionProperties) = preSolution
		HideSolutionNode = FALSE
	EndGlobalSection
	GlobalSection(ExtensibilityGlobals) = postSolution
		SolutionGuid = {CB54B8C1-F76A-4039-B2A3-4471C59240C7}
	EndGlobalSection
EndGlobal
