
Microsoft Visual Studio Solution File, Format Version 12.00
# Visual Studio Version 16
VisualStudioVersion = 16.0.31402.337
MinimumVisualStudioVersion = 10.0.40219.1
Project("{FAE04EC0-301F-11D3-BF4B-00C04F79EFBC}") = "Ficha2Ex3", "Ficha2Ex3.csproj", "{18E1BE10-A1A9-4137-B18B-D9B12D7B71BB}"
EndProject
Global
	GlobalSection(SolutionConfigurationPlatforms) = preSolution
		Debug|Any CPU = Debug|Any CPU
		Release|Any CPU = Release|Any CPU
	EndGlobalSection
	GlobalSection(ProjectConfigurationPlatforms) = postSolution
		{18E1BE10-A1A9-4137-B18B-D9B12D7B71BB}.Debug|Any CPU.ActiveCfg = Debug|Any CPU
		{18E1BE10-A1A9-4137-B18B-D9B12D7B71BB}.Debug|Any CPU.Build.0 = Debug|Any CPU
		{18E1BE10-A1A9-4137-B18B-D9B12D7B71BB}.Release|Any CPU.ActiveCfg = Release|Any CPU
		{18E1BE10-A1A9-4137-B18B-D9B12D7B71BB}.Release|Any CPU.Build.0 = Release|Any CPU
	EndGlobalSection
	GlobalSection(SolutionProperties) = preSolution
		HideSolutionNode = FALSE
	EndGlobalSection
	GlobalSection(ExtensibilityGlobals) = postSolution
		SolutionGuid = {64197B8F-55E2-4926-B6C7-91E798A2F21B}
	EndGlobalSection
EndGlobal
