
Microsoft Visual Studio Solution File, Format Version 12.00
# Visual Studio Version 16
VisualStudioVersion = 16.0.31129.286
MinimumVisualStudioVersion = 10.0.40219.1
Project("{FAE04EC0-301F-11D3-BF4B-00C04F79EFBC}") = "Combustivel", "Combustivel.csproj", "{D1C0BE95-21F5-47F3-A895-250262FEB416}"
EndProject
Global
	GlobalSection(SolutionConfigurationPlatforms) = preSolution
		Debug|Any CPU = Debug|Any CPU
		Release|Any CPU = Release|Any CPU
	EndGlobalSection
	GlobalSection(ProjectConfigurationPlatforms) = postSolution
		{D1C0BE95-21F5-47F3-A895-250262FEB416}.Debug|Any CPU.ActiveCfg = Debug|Any CPU
		{D1C0BE95-21F5-47F3-A895-250262FEB416}.Debug|Any CPU.Build.0 = Debug|Any CPU
		{D1C0BE95-21F5-47F3-A895-250262FEB416}.Release|Any CPU.ActiveCfg = Release|Any CPU
		{D1C0BE95-21F5-47F3-A895-250262FEB416}.Release|Any CPU.Build.0 = Release|Any CPU
	EndGlobalSection
	GlobalSection(SolutionProperties) = preSolution
		HideSolutionNode = FALSE
	EndGlobalSection
	GlobalSection(ExtensibilityGlobals) = postSolution
		SolutionGuid = {210FCC1C-B0CC-4918-9551-5576A3CAB17E}
	EndGlobalSection
EndGlobal
