
Microsoft Visual Studio Solution File, Format Version 12.00
# Visual Studio Version 16
VisualStudioVersion = 16.0.31129.286
MinimumVisualStudioVersion = 10.0.40219.1
Project("{FAE04EC0-301F-11D3-BF4B-00C04F79EFBC}") = "ArgumentoOut", "ArgumentoOut.csproj", "{7D3D81D7-4194-448A-AC78-92484E68CD13}"
EndProject
Global
	GlobalSection(SolutionConfigurationPlatforms) = preSolution
		Debug|Any CPU = Debug|Any CPU
		Release|Any CPU = Release|Any CPU
	EndGlobalSection
	GlobalSection(ProjectConfigurationPlatforms) = postSolution
		{7D3D81D7-4194-448A-AC78-92484E68CD13}.Debug|Any CPU.ActiveCfg = Debug|Any CPU
		{7D3D81D7-4194-448A-AC78-92484E68CD13}.Debug|Any CPU.Build.0 = Debug|Any CPU
		{7D3D81D7-4194-448A-AC78-92484E68CD13}.Release|Any CPU.ActiveCfg = Release|Any CPU
		{7D3D81D7-4194-448A-AC78-92484E68CD13}.Release|Any CPU.Build.0 = Release|Any CPU
	EndGlobalSection
	GlobalSection(SolutionProperties) = preSolution
		HideSolutionNode = FALSE
	EndGlobalSection
	GlobalSection(ExtensibilityGlobals) = postSolution
		SolutionGuid = {FAEA1D95-B1AE-43E5-B86C-3E229C9D2E54}
	EndGlobalSection
EndGlobal
