
Microsoft Visual Studio Solution File, Format Version 12.00
# Visual Studio Version 16
VisualStudioVersion = 16.0.31129.286
MinimumVisualStudioVersion = 10.0.40219.1
Project("{FAE04EC0-301F-11D3-BF4B-00C04F79EFBC}") = "FuncaoFibonacci", "FuncaoFibonacci.csproj", "{1BCDE8F7-3F55-4FA0-A676-FD033F17CF75}"
EndProject
Global
	GlobalSection(SolutionConfigurationPlatforms) = preSolution
		Debug|Any CPU = Debug|Any CPU
		Release|Any CPU = Release|Any CPU
	EndGlobalSection
	GlobalSection(ProjectConfigurationPlatforms) = postSolution
		{1BCDE8F7-3F55-4FA0-A676-FD033F17CF75}.Debug|Any CPU.ActiveCfg = Debug|Any CPU
		{1BCDE8F7-3F55-4FA0-A676-FD033F17CF75}.Debug|Any CPU.Build.0 = Debug|Any CPU
		{1BCDE8F7-3F55-4FA0-A676-FD033F17CF75}.Release|Any CPU.ActiveCfg = Release|Any CPU
		{1BCDE8F7-3F55-4FA0-A676-FD033F17CF75}.Release|Any CPU.Build.0 = Release|Any CPU
	EndGlobalSection
	GlobalSection(SolutionProperties) = preSolution
		HideSolutionNode = FALSE
	EndGlobalSection
	GlobalSection(ExtensibilityGlobals) = postSolution
		SolutionGuid = {5A0B0B28-068F-4CDC-B5BE-85C09CB43741}
	EndGlobalSection
EndGlobal
