
Microsoft Visual Studio Solution File, Format Version 12.00
# Visual Studio Version 16
VisualStudioVersion = 16.0.31129.286
MinimumVisualStudioVersion = 10.0.40219.1
Project("{FAE04EC0-301F-11D3-BF4B-00C04F79EFBC}") = "Ficha3_1Ex.1", "Ficha3_1Ex.1.csproj", "{3170A18A-CD4B-451C-8650-0E7D60042F54}"
EndProject
Global
	GlobalSection(SolutionConfigurationPlatforms) = preSolution
		Debug|Any CPU = Debug|Any CPU
		Release|Any CPU = Release|Any CPU
	EndGlobalSection
	GlobalSection(ProjectConfigurationPlatforms) = postSolution
		{3170A18A-CD4B-451C-8650-0E7D60042F54}.Debug|Any CPU.ActiveCfg = Debug|Any CPU
		{3170A18A-CD4B-451C-8650-0E7D60042F54}.Debug|Any CPU.Build.0 = Debug|Any CPU
		{3170A18A-CD4B-451C-8650-0E7D60042F54}.Release|Any CPU.ActiveCfg = Release|Any CPU
		{3170A18A-CD4B-451C-8650-0E7D60042F54}.Release|Any CPU.Build.0 = Release|Any CPU
	EndGlobalSection
	GlobalSection(SolutionProperties) = preSolution
		HideSolutionNode = FALSE
	EndGlobalSection
	GlobalSection(ExtensibilityGlobals) = postSolution
		SolutionGuid = {41B111F8-3B0D-4E2B-9059-A91578531930}
	EndGlobalSection
EndGlobal
